
Microsoft Visual Studio Solution File, Format Version 12.00
# Visual Studio Version 17
VisualStudioVersion = 17.7.34031.279
MinimumVisualStudioVersion = 10.0.40219.1
Project("{FAE04EC0-301F-11D3-BF4B-00C04F79EFBC}") = "NextPractics1_RegEx", "NextPractics1_RegEx\NextPractics1_RegEx.csproj", "{1E8703AE-4429-4438-B27B-05D5478AFBC9}"
EndProject
Global
	GlobalSection(SolutionConfigurationPlatforms) = preSolution
		Debug|Any CPU = Debug|Any CPU
		Release|Any CPU = Release|Any CPU
	EndGlobalSection
	GlobalSection(ProjectConfigurationPlatforms) = postSolution
		{1E8703AE-4429-4438-B27B-05D5478AFBC9}.Debug|Any CPU.ActiveCfg = Debug|Any CPU
		{1E8703AE-4429-4438-B27B-05D5478AFBC9}.Debug|Any CPU.Build.0 = Debug|Any CPU
		{1E8703AE-4429-4438-B27B-05D5478AFBC9}.Release|Any CPU.ActiveCfg = Release|Any CPU
		{1E8703AE-4429-4438-B27B-05D5478AFBC9}.Release|Any CPU.Build.0 = Release|Any CPU
	EndGlobalSection
	GlobalSection(SolutionProperties) = preSolution
		HideSolutionNode = FALSE
	EndGlobalSection
	GlobalSection(ExtensibilityGlobals) = postSolution
		SolutionGuid = {492F8D90-4634-4CDC-A317-43D883C94BCF}
	EndGlobalSection
EndGlobal
